
Microsoft Visual Studio Solution File, Format Version 11.00
# Visual Studio 2010
Project("{FAE04EC0-301F-11D3-BF4B-00C04F79EFBC}") = "SharePoint.BeachCamp", "SharePoint.BeachCamp\SharePoint.BeachCamp.csproj", "{1AC842EF-A3DA-480D-B5C7-C350DF3852CB}"
EndProject
Project("{FAE04EC0-301F-11D3-BF4B-00C04F79EFBC}") = "SharePoint.BeachCamp.Util", "SharePoint.BeachCamp.Util\SharePoint.BeachCamp.Util.csproj", "{2AA028FD-D27B-4DA5-BFC8-27F61FC5EFD9}"
EndProject
Project("{FAE04EC0-301F-11D3-BF4B-00C04F79EFBC}") = "SharePoint.BeachCamp.Setup", "SharePoint.BeachCamp.Setup\SharePoint.BeachCamp.Setup.csproj", "{FC2A4FC4-23EE-4EFB-AC09-25102C8EC133}"
EndProject
Global
	GlobalSection(SolutionConfigurationPlatforms) = preSolution
		Debug|Any CPU = Debug|Any CPU
		Release|Any CPU = Release|Any CPU
	EndGlobalSection
	GlobalSection(ProjectConfigurationPlatforms) = postSolution
		{1AC842EF-A3DA-480D-B5C7-C350DF3852CB}.Debug|Any CPU.ActiveCfg = Debug|Any CPU
		{1AC842EF-A3DA-480D-B5C7-C350DF3852CB}.Debug|Any CPU.Build.0 = Debug|Any CPU
		{1AC842EF-A3DA-480D-B5C7-C350DF3852CB}.Debug|Any CPU.Deploy.0 = Debug|Any CPU
		{1AC842EF-A3DA-480D-B5C7-C350DF3852CB}.Release|Any CPU.ActiveCfg = Release|Any CPU
		{1AC842EF-A3DA-480D-B5C7-C350DF3852CB}.Release|Any CPU.Build.0 = Release|Any CPU
		{1AC842EF-A3DA-480D-B5C7-C350DF3852CB}.Release|Any CPU.Deploy.0 = Release|Any CPU
		{2AA028FD-D27B-4DA5-BFC8-27F61FC5EFD9}.Debug|Any CPU.ActiveCfg = Debug|Any CPU
		{2AA028FD-D27B-4DA5-BFC8-27F61FC5EFD9}.Debug|Any CPU.Build.0 = Debug|Any CPU
		{2AA028FD-D27B-4DA5-BFC8-27F61FC5EFD9}.Debug|Any CPU.Deploy.0 = Debug|Any CPU
		{2AA028FD-D27B-4DA5-BFC8-27F61FC5EFD9}.Release|Any CPU.ActiveCfg = Release|Any CPU
		{2AA028FD-D27B-4DA5-BFC8-27F61FC5EFD9}.Release|Any CPU.Build.0 = Release|Any CPU
		{2AA028FD-D27B-4DA5-BFC8-27F61FC5EFD9}.Release|Any CPU.Deploy.0 = Release|Any CPU
		{FC2A4FC4-23EE-4EFB-AC09-25102C8EC133}.Debug|Any CPU.ActiveCfg = Debug|Any CPU
		{FC2A4FC4-23EE-4EFB-AC09-25102C8EC133}.Debug|Any CPU.Build.0 = Debug|Any CPU
		{FC2A4FC4-23EE-4EFB-AC09-25102C8EC133}.Release|Any CPU.ActiveCfg = Release|Any CPU
		{FC2A4FC4-23EE-4EFB-AC09-25102C8EC133}.Release|Any CPU.Build.0 = Release|Any CPU
	EndGlobalSection
	GlobalSection(SolutionProperties) = preSolution
		HideSolutionNode = FALSE
	EndGlobalSection
EndGlobal
